
Microsoft Visual Studio Solution File, Format Version 12.00
# Visual Studio Version 17
VisualStudioVersion = 17.6.33829.357
MinimumVisualStudioVersion = 10.0.40219.1
Project("{FAE04EC0-301F-11D3-BF4B-00C04F79EFBC}") = "Piramida i kvadrat", "Piramida i kvadrat\Piramida i kvadrat.csproj", "{02B307DC-3F64-489B-B77C-F85F1C0954B1}"
EndProject
Global
	GlobalSection(SolutionConfigurationPlatforms) = preSolution
		Debug|Any CPU = Debug|Any CPU
		Release|Any CPU = Release|Any CPU
	EndGlobalSection
	GlobalSection(ProjectConfigurationPlatforms) = postSolution
		{02B307DC-3F64-489B-B77C-F85F1C0954B1}.Debug|Any CPU.ActiveCfg = Debug|Any CPU
		{02B307DC-3F64-489B-B77C-F85F1C0954B1}.Debug|Any CPU.Build.0 = Debug|Any CPU
		{02B307DC-3F64-489B-B77C-F85F1C0954B1}.Release|Any CPU.ActiveCfg = Release|Any CPU
		{02B307DC-3F64-489B-B77C-F85F1C0954B1}.Release|Any CPU.Build.0 = Release|Any CPU
	EndGlobalSection
	GlobalSection(SolutionProperties) = preSolution
		HideSolutionNode = FALSE
	EndGlobalSection
	GlobalSection(ExtensibilityGlobals) = postSolution
		SolutionGuid = {045B3E1B-D215-4C36-A128-4C50FBBD502C}
	EndGlobalSection
EndGlobal
